
Microsoft Visual Studio Solution File, Format Version 12.00
# Visual Studio Version 16
VisualStudioVersion = 16.0.31321.278
MinimumVisualStudioVersion = 10.0.40219.1
Project("{FAE04EC0-301F-11D3-BF4B-00C04F79EFBC}") = "ReturnPascalCaseOfInputProgram", "ReturnPascalCaseOfInputProgram\ReturnPascalCaseOfInputProgram.csproj", "{2F7CE973-3992-4DC9-A8BE-AF1AC328238D}"
EndProject
Global
	GlobalSection(SolutionConfigurationPlatforms) = preSolution
		Debug|Any CPU = Debug|Any CPU
		Release|Any CPU = Release|Any CPU
	EndGlobalSection
	GlobalSection(ProjectConfigurationPlatforms) = postSolution
		{2F7CE973-3992-4DC9-A8BE-AF1AC328238D}.Debug|Any CPU.ActiveCfg = Debug|Any CPU
		{2F7CE973-3992-4DC9-A8BE-AF1AC328238D}.Debug|Any CPU.Build.0 = Debug|Any CPU
		{2F7CE973-3992-4DC9-A8BE-AF1AC328238D}.Release|Any CPU.ActiveCfg = Release|Any CPU
		{2F7CE973-3992-4DC9-A8BE-AF1AC328238D}.Release|Any CPU.Build.0 = Release|Any CPU
	EndGlobalSection
	GlobalSection(SolutionProperties) = preSolution
		HideSolutionNode = FALSE
	EndGlobalSection
	GlobalSection(ExtensibilityGlobals) = postSolution
		SolutionGuid = {0B8C4E57-B09C-4003-9B6C-91A99FA333A2}
	EndGlobalSection
EndGlobal
