
Microsoft Visual Studio Solution File, Format Version 12.00
# Visual Studio Version 16
VisualStudioVersion = 16.0.31321.278
MinimumVisualStudioVersion = 10.0.40219.1
Project("{FAE04EC0-301F-11D3-BF4B-00C04F79EFBC}") = "RefTypesValueTypes", "RefTypesValueTypes\RefTypesValueTypes.csproj", "{1A6C4D87-1F49-4AE1-AFFD-5DA9C8CA4C2F}"
EndProject
Global
	GlobalSection(SolutionConfigurationPlatforms) = preSolution
		Debug|Any CPU = Debug|Any CPU
		Release|Any CPU = Release|Any CPU
	EndGlobalSection
	GlobalSection(ProjectConfigurationPlatforms) = postSolution
		{1A6C4D87-1F49-4AE1-AFFD-5DA9C8CA4C2F}.Debug|Any CPU.ActiveCfg = Debug|Any CPU
		{1A6C4D87-1F49-4AE1-AFFD-5DA9C8CA4C2F}.Debug|Any CPU.Build.0 = Debug|Any CPU
		{1A6C4D87-1F49-4AE1-AFFD-5DA9C8CA4C2F}.Release|Any CPU.ActiveCfg = Release|Any CPU
		{1A6C4D87-1F49-4AE1-AFFD-5DA9C8CA4C2F}.Release|Any CPU.Build.0 = Release|Any CPU
	EndGlobalSection
	GlobalSection(SolutionProperties) = preSolution
		HideSolutionNode = FALSE
	EndGlobalSection
	GlobalSection(ExtensibilityGlobals) = postSolution
		SolutionGuid = {3E782CBC-5BE9-42B2-A167-75797B898BCB}
	EndGlobalSection
EndGlobal
