
Microsoft Visual Studio Solution File, Format Version 12.00
# Visual Studio Version 16
VisualStudioVersion = 16.0.31424.327
MinimumVisualStudioVersion = 10.0.40219.1
Project("{FAE04EC0-301F-11D3-BF4B-00C04F79EFBC}") = "Extensibility", "Extensibility\Extensibility.csproj", "{1D1583AC-CD5D-4F9E-98B0-0C2DF1E9054F}"
EndProject
Global
	GlobalSection(SolutionConfigurationPlatforms) = preSolution
		Debug|Any CPU = Debug|Any CPU
		Release|Any CPU = Release|Any CPU
	EndGlobalSection
	GlobalSection(ProjectConfigurationPlatforms) = postSolution
		{1D1583AC-CD5D-4F9E-98B0-0C2DF1E9054F}.Debug|Any CPU.ActiveCfg = Debug|Any CPU
		{1D1583AC-CD5D-4F9E-98B0-0C2DF1E9054F}.Debug|Any CPU.Build.0 = Debug|Any CPU
		{1D1583AC-CD5D-4F9E-98B0-0C2DF1E9054F}.Release|Any CPU.ActiveCfg = Release|Any CPU
		{1D1583AC-CD5D-4F9E-98B0-0C2DF1E9054F}.Release|Any CPU.Build.0 = Release|Any CPU
	EndGlobalSection
	GlobalSection(SolutionProperties) = preSolution
		HideSolutionNode = FALSE
	EndGlobalSection
	GlobalSection(ExtensibilityGlobals) = postSolution
		SolutionGuid = {242A9C58-2087-47D3-994E-3B2E4B994E1A}
	EndGlobalSection
EndGlobal
