
Microsoft Visual Studio Solution File, Format Version 12.00
# Visual Studio Version 16
VisualStudioVersion = 16.0.31321.278
MinimumVisualStudioVersion = 10.0.40219.1
Project("{FAE04EC0-301F-11D3-BF4B-00C04F79EFBC}") = "Classes", "Classes\Classes.csproj", "{DBA649D1-214E-47B8-87DC-DE51AED01FC3}"
EndProject
Global
	GlobalSection(SolutionConfigurationPlatforms) = preSolution
		Debug|Any CPU = Debug|Any CPU
		Release|Any CPU = Release|Any CPU
	EndGlobalSection
	GlobalSection(ProjectConfigurationPlatforms) = postSolution
		{DBA649D1-214E-47B8-87DC-DE51AED01FC3}.Debug|Any CPU.ActiveCfg = Debug|Any CPU
		{DBA649D1-214E-47B8-87DC-DE51AED01FC3}.Debug|Any CPU.Build.0 = Debug|Any CPU
		{DBA649D1-214E-47B8-87DC-DE51AED01FC3}.Release|Any CPU.ActiveCfg = Release|Any CPU
		{DBA649D1-214E-47B8-87DC-DE51AED01FC3}.Release|Any CPU.Build.0 = Release|Any CPU
	EndGlobalSection
	GlobalSection(SolutionProperties) = preSolution
		HideSolutionNode = FALSE
	EndGlobalSection
	GlobalSection(ExtensibilityGlobals) = postSolution
		SolutionGuid = {E926EE03-F207-4BA4-A39D-029C036C5190}
	EndGlobalSection
EndGlobal
