
Microsoft Visual Studio Solution File, Format Version 12.00
# Visual Studio Version 16
VisualStudioVersion = 16.0.31321.278
MinimumVisualStudioVersion = 10.0.40219.1
Project("{FAE04EC0-301F-11D3-BF4B-00C04F79EFBC}") = "DirectoryandDirectoryInfoDemo", "DirectoryandDirectoryInfoDemo\DirectoryandDirectoryInfoDemo.csproj", "{BDE6F417-1344-408A-930A-40E8818E7BE8}"
EndProject
Global
	GlobalSection(SolutionConfigurationPlatforms) = preSolution
		Debug|Any CPU = Debug|Any CPU
		Release|Any CPU = Release|Any CPU
	EndGlobalSection
	GlobalSection(ProjectConfigurationPlatforms) = postSolution
		{BDE6F417-1344-408A-930A-40E8818E7BE8}.Debug|Any CPU.ActiveCfg = Debug|Any CPU
		{BDE6F417-1344-408A-930A-40E8818E7BE8}.Debug|Any CPU.Build.0 = Debug|Any CPU
		{BDE6F417-1344-408A-930A-40E8818E7BE8}.Release|Any CPU.ActiveCfg = Release|Any CPU
		{BDE6F417-1344-408A-930A-40E8818E7BE8}.Release|Any CPU.Build.0 = Release|Any CPU
	EndGlobalSection
	GlobalSection(SolutionProperties) = preSolution
		HideSolutionNode = FALSE
	EndGlobalSection
	GlobalSection(ExtensibilityGlobals) = postSolution
		SolutionGuid = {FFC2EC49-AD2D-4F3E-8B85-0F6B20FA5FF6}
	EndGlobalSection
EndGlobal
