
Microsoft Visual Studio Solution File, Format Version 12.00
# Visual Studio Version 16
VisualStudioVersion = 16.0.31321.278
MinimumVisualStudioVersion = 10.0.40219.1
Project("{FAE04EC0-301F-11D3-BF4B-00C04F79EFBC}") = "ResumingTextStringProgram", "ResumingTextStringProgram\ResumingTextStringProgram.csproj", "{78128284-9835-4286-B455-548B3E6F0AA0}"
EndProject
Global
	GlobalSection(SolutionConfigurationPlatforms) = preSolution
		Debug|Any CPU = Debug|Any CPU
		Release|Any CPU = Release|Any CPU
	EndGlobalSection
	GlobalSection(ProjectConfigurationPlatforms) = postSolution
		{78128284-9835-4286-B455-548B3E6F0AA0}.Debug|Any CPU.ActiveCfg = Debug|Any CPU
		{78128284-9835-4286-B455-548B3E6F0AA0}.Debug|Any CPU.Build.0 = Debug|Any CPU
		{78128284-9835-4286-B455-548B3E6F0AA0}.Release|Any CPU.ActiveCfg = Release|Any CPU
		{78128284-9835-4286-B455-548B3E6F0AA0}.Release|Any CPU.Build.0 = Release|Any CPU
	EndGlobalSection
	GlobalSection(SolutionProperties) = preSolution
		HideSolutionNode = FALSE
	EndGlobalSection
	GlobalSection(ExtensibilityGlobals) = postSolution
		SolutionGuid = {2EB3970A-8455-4A9E-8C44-3B369F7E7618}
	EndGlobalSection
EndGlobal
