
Microsoft Visual Studio Solution File, Format Version 12.00
# Visual Studio Version 16
VisualStudioVersion = 16.0.31321.278
MinimumVisualStudioVersion = 10.0.40219.1
Project("{FAE04EC0-301F-11D3-BF4B-00C04F79EFBC}") = "NumbersWithCommasThreeSmallestProgram", "NumbersWithCommasThreeSmallestProgram\NumbersWithCommasThreeSmallestProgram.csproj", "{59A0DE76-7907-4337-A19E-B99ABD0ACA3C}"
EndProject
Global
	GlobalSection(SolutionConfigurationPlatforms) = preSolution
		Debug|Any CPU = Debug|Any CPU
		Release|Any CPU = Release|Any CPU
	EndGlobalSection
	GlobalSection(ProjectConfigurationPlatforms) = postSolution
		{59A0DE76-7907-4337-A19E-B99ABD0ACA3C}.Debug|Any CPU.ActiveCfg = Debug|Any CPU
		{59A0DE76-7907-4337-A19E-B99ABD0ACA3C}.Debug|Any CPU.Build.0 = Debug|Any CPU
		{59A0DE76-7907-4337-A19E-B99ABD0ACA3C}.Release|Any CPU.ActiveCfg = Release|Any CPU
		{59A0DE76-7907-4337-A19E-B99ABD0ACA3C}.Release|Any CPU.Build.0 = Release|Any CPU
	EndGlobalSection
	GlobalSection(SolutionProperties) = preSolution
		HideSolutionNode = FALSE
	EndGlobalSection
	GlobalSection(ExtensibilityGlobals) = postSolution
		SolutionGuid = {7EA39702-C7B1-4913-AB5C-A809D36891C9}
	EndGlobalSection
EndGlobal
